// !$*UTF8*$!
{
	archiveVersion = 1;
	classes = {
	};
	objectVersion = 77;
	objects = {

/* Begin PBXBuildFile section */
		45EAF41E2C8916860096203C /* Login in Frameworks */ = {isa = PBXBuildFile; productRef = 45EAF41D2C8916860096203C /* Login */; };
		45EAF4242C89F4030096203C /* Home in Frameworks */ = {isa = PBXBuildFile; productRef = 45EAF4232C89F4030096203C /* Home */; };
/* End PBXBuildFile section */

/* Begin PBXContainerItemProxy section */
		45EAF3F42C87FE4C0096203C /* PBXContainerItemProxy */ = {
			isa = PBXContainerItemProxy;
			containerPortal = 45EAF3D92C87FE4A0096203C /* Project object */;
			proxyType = 1;
			remoteGlobalIDString = 45EAF3E02C87FE4A0096203C;
			remoteInfo = TodosModularized;
		};
		45EAF3FE2C87FE4C0096203C /* PBXContainerItemProxy */ = {
			isa = PBXContainerItemProxy;
			containerPortal = 45EAF3D92C87FE4A0096203C /* Project object */;
			proxyType = 1;
			remoteGlobalIDString = 45EAF3E02C87FE4A0096203C;
			remoteInfo = TodosModularized;
		};
/* End PBXContainerItemProxy section */

/* Begin PBXFileReference section */
		45EAF3E12C87FE4A0096203C /* TodosModularized.app */ = {isa = PBXFileReference; explicitFileType = wrapper.application; includeInIndex = 0; path = TodosModularized.app; sourceTree = BUILT_PRODUCTS_DIR; };
		45EAF3F32C87FE4C0096203C /* TodosModularizedTests.xctest */ = {isa = PBXFileReference; explicitFileType = wrapper.cfbundle; includeInIndex = 0; path = TodosModularizedTests.xctest; sourceTree = BUILT_PRODUCTS_DIR; };
		45EAF3FD2C87FE4C0096203C /* TodosModularizedUITests.xctest */ = {isa = PBXFileReference; explicitFileType = wrapper.cfbundle; includeInIndex = 0; path = TodosModularizedUITests.xctest; sourceTree = BUILT_PRODUCTS_DIR; };
/* End PBXFileReference section */

/* Begin PBXFileSystemSynchronizedBuildFileExceptionSet section */
		45EAF4112C87FFC20096203C /* Exceptions for "TodosModularized" folder in "TodosModularized" target */ = {
			isa = PBXFileSystemSynchronizedBuildFileExceptionSet;
			membershipExceptions = (
				AppModules,
			);
			target = 45EAF3E02C87FE4A0096203C /* TodosModularized */;
		};
/* End PBXFileSystemSynchronizedBuildFileExceptionSet section */

/* Begin PBXFileSystemSynchronizedRootGroup section */
		45EAF3E32C87FE4A0096203C /* TodosModularized */ = {
			isa = PBXFileSystemSynchronizedRootGroup;
			exceptions = (
				45EAF4112C87FFC20096203C /* Exceptions for "TodosModularized" folder in "TodosModularized" target */,
			);
			path = TodosModularized;
			sourceTree = "<group>";
		};
		45EAF3F62C87FE4C0096203C /* TodosModularizedTests */ = {
			isa = PBXFileSystemSynchronizedRootGroup;
			path = TodosModularizedTests;
			sourceTree = "<group>";
		};
		45EAF4002C87FE4C0096203C /* TodosModularizedUITests */ = {
			isa = PBXFileSystemSynchronizedRootGroup;
			path = TodosModularizedUITests;
			sourceTree = "<group>";
		};
/* End PBXFileSystemSynchronizedRootGroup section */

/* Begin PBXFrameworksBuildPhase section */
		45EAF3DE2C87FE4A0096203C /* Frameworks */ = {
			isa = PBXFrameworksBuildPhase;
			buildActionMask = 2147483647;
			files = (
				45EAF41E2C8916860096203C /* Login in Frameworks */,
				45EAF4242C89F4030096203C /* Home in Frameworks */,
			);
			runOnlyForDeploymentPostprocessing = 0;
		};
		45EAF3F02C87FE4C0096203C /* Frameworks */ = {
			isa = PBXFrameworksBuildPhase;
			buildActionMask = 2147483647;
			files = (
			);
			runOnlyForDeploymentPostprocessing = 0;
		};
		45EAF3FA2C87FE4C0096203C /* Frameworks */ = {
			isa = PBXFrameworksBuildPhase;
			buildActionMask = 2147483647;
			files = (
			);
			runOnlyForDeploymentPostprocessing = 0;
		};
/* End PBXFrameworksBuildPhase section */

/* Begin PBXGroup section */
		45EAF3D82C87FE4A0096203C = {
			isa = PBXGroup;
			children = (
				45EAF3E32C87FE4A0096203C /* TodosModularized */,
				45EAF3F62C87FE4C0096203C /* TodosModularizedTests */,
				45EAF4002C87FE4C0096203C /* TodosModularizedUITests */,
				45EAF4122C89159F0096203C /* Frameworks */,
				45EAF3E22C87FE4A0096203C /* Products */,
			);
			sourceTree = "<group>";
		};
		45EAF3E22C87FE4A0096203C /* Products */ = {
			isa = PBXGroup;
			children = (
				45EAF3E12C87FE4A0096203C /* TodosModularized.app */,
				45EAF3F32C87FE4C0096203C /* TodosModularizedTests.xctest */,
				45EAF3FD2C87FE4C0096203C /* TodosModularizedUITests.xctest */,
			);
			name = Products;
			sourceTree = "<group>";
		};
		45EAF4122C89159F0096203C /* Frameworks */ = {
			isa = PBXGroup;
			children = (
			);
			name = Frameworks;
			sourceTree = "<group>";
		};
/* End PBXGroup section */

/* Begin PBXNativeTarget section */
		45EAF3E02C87FE4A0096203C /* TodosModularized */ = {
			isa = PBXNativeTarget;
			buildConfigurationList = 45EAF4072C87FE4C0096203C /* Build configuration list for PBXNativeTarget "TodosModularized" */;
			buildPhases = (
				45EAF3DD2C87FE4A0096203C /* Sources */,
				45EAF3DE2C87FE4A0096203C /* Frameworks */,
				45EAF3DF2C87FE4A0096203C /* Resources */,
			);
			buildRules = (
			);
			dependencies = (
			);
			fileSystemSynchronizedGroups = (
				45EAF3E32C87FE4A0096203C /* TodosModularized */,
			);
			name = TodosModularized;
			packageProductDependencies = (
				45EAF41D2C8916860096203C /* Login */,
				45EAF4232C89F4030096203C /* Home */,
			);
			productName = TodosModularized;
			productReference = 45EAF3E12C87FE4A0096203C /* TodosModularized.app */;
			productType = "com.apple.product-type.application";
		};
		45EAF3F22C87FE4C0096203C /* TodosModularizedTests */ = {
			isa = PBXNativeTarget;
			buildConfigurationList = 45EAF40A2C87FE4C0096203C /* Build configuration list for PBXNativeTarget "TodosModularizedTests" */;
			buildPhases = (
				45EAF3EF2C87FE4C0096203C /* Sources */,
				45EAF3F02C87FE4C0096203C /* Frameworks */,
				45EAF3F12C87FE4C0096203C /* Resources */,
			);
			buildRules = (
			);
			dependencies = (
				45EAF3F52C87FE4C0096203C /* PBXTargetDependency */,
			);
			fileSystemSynchronizedGroups = (
				45EAF3F62C87FE4C0096203C /* TodosModularizedTests */,
			);
			name = TodosModularizedTests;
			packageProductDependencies = (
			);
			productName = TodosModularizedTests;
			productReference = 45EAF3F32C87FE4C0096203C /* TodosModularizedTests.xctest */;
			productType = "com.apple.product-type.bundle.unit-test";
		};
		45EAF3FC2C87FE4C0096203C /* TodosModularizedUITests */ = {
			isa = PBXNativeTarget;
			buildConfigurationList = 45EAF40D2C87FE4C0096203C /* Build configuration list for PBXNativeTarget "TodosModularizedUITests" */;
			buildPhases = (
				45EAF3F92C87FE4C0096203C /* Sources */,
				45EAF3FA2C87FE4C0096203C /* Frameworks */,
				45EAF3FB2C87FE4C0096203C /* Resources */,
			);
			buildRules = (
			);
			dependencies = (
				45EAF3FF2C87FE4C0096203C /* PBXTargetDependency */,
			);
			fileSystemSynchronizedGroups = (
				45EAF4002C87FE4C0096203C /* TodosModularizedUITests */,
			);
			name = TodosModularizedUITests;
			packageProductDependencies = (
			);
			productName = TodosModularizedUITests;
			productReference = 45EAF3FD2C87FE4C0096203C /* TodosModularizedUITests.xctest */;
			productType = "com.apple.product-type.bundle.ui-testing";
		};
/* End PBXNativeTarget section */

/* Begin PBXProject section */
		45EAF3D92C87FE4A0096203C /* Project object */ = {
			isa = PBXProject;
			attributes = {
				BuildIndependentTargetsInParallel = 1;
				LastSwiftUpdateCheck = 1600;
				LastUpgradeCheck = 1600;
				TargetAttributes = {
					45EAF3E02C87FE4A0096203C = {
						CreatedOnToolsVersion = 16.0;
					};
					45EAF3F22C87FE4C0096203C = {
						CreatedOnToolsVersion = 16.0;
						TestTargetID = 45EAF3E02C87FE4A0096203C;
					};
					45EAF3FC2C87FE4C0096203C = {
						CreatedOnToolsVersion = 16.0;
						TestTargetID = 45EAF3E02C87FE4A0096203C;
					};
				};
			};
			buildConfigurationList = 45EAF3DC2C87FE4A0096203C /* Build configuration list for PBXProject "TodosModularized" */;
			developmentRegion = en;
			hasScannedForEncodings = 0;
			knownRegions = (
				en,
				Base,
			);
			mainGroup = 45EAF3D82C87FE4A0096203C;
			minimizedProjectReferenceProxies = 1;
			preferredProjectObjectVersion = 77;
			productRefGroup = 45EAF3E22C87FE4A0096203C /* Products */;
			projectDirPath = "";
			projectRoot = "";
			targets = (
				45EAF3E02C87FE4A0096203C /* TodosModularized */,
				45EAF3F22C87FE4C0096203C /* TodosModularizedTests */,
				45EAF3FC2C87FE4C0096203C /* TodosModularizedUITests */,
			);
		};
/* End PBXProject section */

/* Begin PBXResourcesBuildPhase section */
		45EAF3DF2C87FE4A0096203C /* Resources */ = {
			isa = PBXResourcesBuildPhase;
			buildActionMask = 2147483647;
			files = (
			);
			runOnlyForDeploymentPostprocessing = 0;
		};
		45EAF3F12C87FE4C0096203C /* Resources */ = {
			isa = PBXResourcesBuildPhase;
			buildActionMask = 2147483647;
			files = (
			);
			runOnlyForDeploymentPostprocessing = 0;
		};
		45EAF3FB2C87FE4C0096203C /* Resources */ = {
			isa = PBXResourcesBuildPhase;
			buildActionMask = 2147483647;
			files = (
			);
			runOnlyForDeploymentPostprocessing = 0;
		};
/* End PBXResourcesBuildPhase section */

/* Begin PBXSourcesBuildPhase section */
		45EAF3DD2C87FE4A0096203C /* Sources */ = {
			isa = PBXSourcesBuildPhase;
			buildActionMask = 2147483647;
			files = (
			);
			runOnlyForDeploymentPostprocessing = 0;
		};
		45EAF3EF2C87FE4C0096203C /* Sources */ = {
			isa = PBXSourcesBuildPhase;
			buildActionMask = 2147483647;
			files = (
			);
			runOnlyForDeploymentPostprocessing = 0;
		};
		45EAF3F92C87FE4C0096203C /* Sources */ = {
			isa = PBXSourcesBuildPhase;
			buildActionMask = 2147483647;
			files = (
			);
			runOnlyForDeploymentPostprocessing = 0;
		};
/* End PBXSourcesBuildPhase section */

/* Begin PBXTargetDependency section */
		45EAF3F52C87FE4C0096203C /* PBXTargetDependency */ = {
			isa = PBXTargetDependency;
			target = 45EAF3E02C87FE4A0096203C /* TodosModularized */;
			targetProxy = 45EAF3F42C87FE4C0096203C /* PBXContainerItemProxy */;
		};
		45EAF3FF2C87FE4C0096203C /* PBXTargetDependency */ = {
			isa = PBXTargetDependency;
			target = 45EAF3E02C87FE4A0096203C /* TodosModularized */;
			targetProxy = 45EAF3FE2C87FE4C0096203C /* PBXContainerItemProxy */;
		};
/* End PBXTargetDependency section */

/* Begin XCBuildConfiguration section */
		45EAF4052C87FE4C0096203C /* Debug */ = {
			isa = XCBuildConfiguration;
			buildSettings = {
				ALWAYS_SEARCH_USER_PATHS = NO;
				ASSETCATALOG_COMPILER_GENERATE_SWIFT_ASSET_SYMBOL_EXTENSIONS = YES;
				CLANG_ANALYZER_NONNULL = YES;
				CLANG_ANALYZER_NUMBER_OBJECT_CONVERSION = YES_AGGRESSIVE;
				CLANG_CXX_LANGUAGE_STANDARD = "gnu++20";
				CLANG_ENABLE_MODULES = YES;
				CLANG_ENABLE_OBJC_ARC = YES;
				CLANG_ENABLE_OBJC_WEAK = YES;
				CLANG_WARN_BLOCK_CAPTURE_AUTORELEASING = YES;
				CLANG_WARN_BOOL_CONVERSION = YES;
				CLANG_WARN_COMMA = YES;
				CLANG_WARN_CONSTANT_CONVERSION = YES;
				CLANG_WARN_DEPRECATED_OBJC_IMPLEMENTATIONS = YES;
				CLANG_WARN_DIRECT_OBJC_ISA_USAGE = YES_ERROR;
				CLANG_WARN_DOCUMENTATION_COMMENTS = YES;
				CLANG_WARN_EMPTY_BODY = YES;
				CLANG_WARN_ENUM_CONVERSION = YES;
				CLANG_WARN_INFINITE_RECURSION = YES;
				CLANG_WARN_INT_CONVERSION = YES;
				CLANG_WARN_NON_LITERAL_NULL_CONVERSION = YES;
				CLANG_WARN_OBJC_IMPLICIT_RETAIN_SELF = YES;
				CLANG_WARN_OBJC_LITERAL_CONVERSION = YES;
				CLANG_WARN_OBJC_ROOT_CLASS = YES_ERROR;
				CLANG_WARN_QUOTED_INCLUDE_IN_FRAMEWORK_HEADER = YES;
				CLANG_WARN_RANGE_LOOP_ANALYSIS = YES;
				CLANG_WARN_STRICT_PROTOTYPES = YES;
				CLANG_WARN_SUSPICIOUS_MOVE = YES;
				CLANG_WARN_UNGUARDED_AVAILABILITY = YES_AGGRESSIVE;
				CLANG_WARN_UNREACHABLE_CODE = YES;
				CLANG_WARN__DUPLICATE_METHOD_MATCH = YES;
				COPY_PHASE_STRIP = NO;
				DEBUG_INFORMATION_FORMAT = dwarf;
				ENABLE_STRICT_OBJC_MSGSEND = YES;
				ENABLE_TESTABILITY = YES;
				ENABLE_USER_SCRIPT_SANDBOXING = YES;
				GCC_C_LANGUAGE_STANDARD = gnu17;
				GCC_DYNAMIC_NO_PIC = NO;
				GCC_NO_COMMON_BLOCKS = YES;
				GCC_OPTIMIZATION_LEVEL = 0;
				GCC_PREPROCESSOR_DEFINITIONS = (
					"DEBUG=1",
					"$(inherited)",
				);
				GCC_WARN_64_TO_32_BIT_CONVERSION = YES;
				GCC_WARN_ABOUT_RETURN_TYPE = YES_ERROR;
				GCC_WARN_UNDECLARED_SELECTOR = YES;
				GCC_WARN_UNINITIALIZED_AUTOS = YES_AGGRESSIVE;
				GCC_WARN_UNUSED_FUNCTION = YES;
				GCC_WARN_UNUSED_VARIABLE = YES;
				IPHONEOS_DEPLOYMENT_TARGET = 18.0;
				LOCALIZATION_PREFERS_STRING_CATALOGS = YES;
				MTL_ENABLE_DEBUG_INFO = INCLUDE_SOURCE;
				MTL_FAST_MATH = YES;
				ONLY_ACTIVE_ARCH = YES;
				SDKROOT = iphoneos;
				SWIFT_ACTIVE_COMPILATION_CONDITIONS = "DEBUG $(inherited)";
				SWIFT_OPTIMIZATION_LEVEL = "-Onone";
			};
			name = Debug;
		};
		45EAF4062C87FE4C0096203C /* Release */ = {
			isa = XCBuildConfiguration;
			buildSettings = {
				ALWAYS_SEARCH_USER_PATHS = NO;
				ASSETCATALOG_COMPILER_GENERATE_SWIFT_ASSET_SYMBOL_EXTENSIONS = YES;
				CLANG_ANALYZER_NONNULL = YES;
				CLANG_ANALYZER_NUMBER_OBJECT_CONVERSION = YES_AGGRESSIVE;
				CLANG_CXX_LANGUAGE_STANDARD = "gnu++20";
				CLANG_ENABLE_MODULES = YES;
				CLANG_ENABLE_OBJC_ARC = YES;
				CLANG_ENABLE_OBJC_WEAK = YES;
				CLANG_WARN_BLOCK_CAPTURE_AUTORELEASING = YES;
				CLANG_WARN_BOOL_CONVERSION = YES;
				CLANG_WARN_COMMA = YES;
				CLANG_WARN_CONSTANT_CONVERSION = YES;
				CLANG_WARN_DEPRECATED_OBJC_IMPLEMENTATIONS = YES;
				CLANG_WARN_DIRECT_OBJC_ISA_USAGE = YES_ERROR;
				CLANG_WARN_DOCUMENTATION_COMMENTS = YES;
				CLANG_WARN_EMPTY_BODY = YES;
				CLANG_WARN_ENUM_CONVERSION = YES;
				CLANG_WARN_INFINITE_RECURSION = YES;
				CLANG_WARN_INT_CONVERSION = YES;
				CLANG_WARN_NON_LITERAL_NULL_CONVERSION = YES;
				CLANG_WARN_OBJC_IMPLICIT_RETAIN_SELF = YES;
				CLANG_WARN_OBJC_LITERAL_CONVERSION = YES;
				CLANG_WARN_OBJC_ROOT_CLASS = YES_ERROR;
				CLANG_WARN_QUOTED_INCLUDE_IN_FRAMEWORK_HEADER = YES;
				CLANG_WARN_RANGE_LOOP_ANALYSIS = YES;
				CLANG_WARN_STRICT_PROTOTYPES = YES;
				CLANG_WARN_SUSPICIOUS_MOVE = YES;
				CLANG_WARN_UNGUARDED_AVAILABILITY = YES_AGGRESSIVE;
				CLANG_WARN_UNREACHABLE_CODE = YES;
				CLANG_WARN__DUPLICATE_METHOD_MATCH = YES;
				COPY_PHASE_STRIP = NO;
				DEBUG_INFORMATION_FORMAT = "dwarf-with-dsym";
				ENABLE_NS_ASSERTIONS = NO;
				ENABLE_STRICT_OBJC_MSGSEND = YES;
				ENABLE_USER_SCRIPT_SANDBOXING = YES;
				GCC_C_LANGUAGE_STANDARD = gnu17;
				GCC_NO_COMMON_BLOCKS = YES;
				GCC_WARN_64_TO_32_BIT_CONVERSION = YES;
				GCC_WARN_ABOUT_RETURN_TYPE = YES_ERROR;
				GCC_WARN_UNDECLARED_SELECTOR = YES;
				GCC_WARN_UNINITIALIZED_AUTOS = YES_AGGRESSIVE;
				GCC_WARN_UNUSED_FUNCTION = YES;
				GCC_WARN_UNUSED_VARIABLE = YES;
				IPHONEOS_DEPLOYMENT_TARGET = 18.0;
				LOCALIZATION_PREFERS_STRING_CATALOGS = YES;
				MTL_ENABLE_DEBUG_INFO = NO;
				MTL_FAST_MATH = YES;
				SDKROOT = iphoneos;
				SWIFT_COMPILATION_MODE = wholemodule;
				VALIDATE_PRODUCT = YES;
			};
			name = Release;
		};
		45EAF4082C87FE4C0096203C /* Debug */ = {
			isa = XCBuildConfiguration;
			buildSettings = {
				ASSETCATALOG_COMPILER_APPICON_NAME = AppIcon;
				ASSETCATALOG_COMPILER_GLOBAL_ACCENT_COLOR_NAME = AccentColor;
				CODE_SIGN_STYLE = Automatic;
				CURRENT_PROJECT_VERSION = 1;
				DEVELOPMENT_ASSET_PATHS = "\"TodosModularized/Preview Content\"";
				DEVELOPMENT_TEAM = 664859EV56;
				ENABLE_PREVIEWS = YES;
				GENERATE_INFOPLIST_FILE = YES;
				INFOPLIST_KEY_UIApplicationSceneManifest_Generation = YES;
				INFOPLIST_KEY_UIApplicationSupportsIndirectInputEvents = YES;
				INFOPLIST_KEY_UILaunchScreen_Generation = YES;
				INFOPLIST_KEY_UISupportedInterfaceOrientations_iPad = "UIInterfaceOrientationPortrait UIInterfaceOrientationPortraitUpsideDown UIInterfaceOrientationLandscapeLeft UIInterfaceOrientationLandscapeRight";
				INFOPLIST_KEY_UISupportedInterfaceOrientations_iPhone = "UIInterfaceOrientationPortrait UIInterfaceOrientationLandscapeLeft UIInterfaceOrientationLandscapeRight";
				LD_RUNPATH_SEARCH_PATHS = (
					"$(inherited)",
					"@executable_path/Frameworks",
				);
				MARKETING_VERSION = 1.0;
				PRODUCT_BUNDLE_IDENTIFIER = com.mgb.TodosModularized;
				PRODUCT_NAME = "$(TARGET_NAME)";
				SWIFT_EMIT_LOC_STRINGS = YES;
				SWIFT_VERSION = 5.0;
				TARGETED_DEVICE_FAMILY = "1,2";
			};
			name = Debug;
		};
		45EAF4092C87FE4C0096203C /* Release */ = {
			isa = XCBuildConfiguration;
			buildSettings = {
				ASSETCATALOG_COMPILER_APPICON_NAME = AppIcon;
				ASSETCATALOG_COMPILER_GLOBAL_ACCENT_COLOR_NAME = AccentColor;
				CODE_SIGN_STYLE = Automatic;
				CURRENT_PROJECT_VERSION = 1;
				DEVELOPMENT_ASSET_PATHS = "\"TodosModularized/Preview Content\"";
				DEVELOPMENT_TEAM = 664859EV56;
				ENABLE_PREVIEWS = YES;
				GENERATE_INFOPLIST_FILE = YES;
				INFOPLIST_KEY_UIApplicationSceneManifest_Generation = YES;
				INFOPLIST_KEY_UIApplicationSupportsIndirectInputEvents = YES;
				INFOPLIST_KEY_UILaunchScreen_Generation = YES;
				INFOPLIST_KEY_UISupportedInterfaceOrientations_iPad = "UIInterfaceOrientationPortrait UIInterfaceOrientationPortraitUpsideDown UIInterfaceOrientationLandscapeLeft UIInterfaceOrientationLandscapeRight";
				INFOPLIST_KEY_UISupportedInterfaceOrientations_iPhone = "UIInterfaceOrientationPortrait UIInterfaceOrientationLandscapeLeft UIInterfaceOrientationLandscapeRight";
				LD_RUNPATH_SEARCH_PATHS = (
					"$(inherited)",
					"@executable_path/Frameworks",
				);
				MARKETING_VERSION = 1.0;
				PRODUCT_BUNDLE_IDENTIFIER = com.mgb.TodosModularized;
				PRODUCT_NAME = "$(TARGET_NAME)";
				SWIFT_EMIT_LOC_STRINGS = YES;
				SWIFT_VERSION = 5.0;
				TARGETED_DEVICE_FAMILY = "1,2";
			};
			name = Release;
		};
		45EAF40B2C87FE4C0096203C /* Debug */ = {
			isa = XCBuildConfiguration;
			buildSettings = {
				BUNDLE_LOADER = "$(TEST_HOST)";
				CODE_SIGN_STYLE = Automatic;
				CURRENT_PROJECT_VERSION = 1;
				DEVELOPMENT_TEAM = 664859EV56;
				GENERATE_INFOPLIST_FILE = YES;
				IPHONEOS_DEPLOYMENT_TARGET = 18.0;
				MARKETING_VERSION = 1.0;
				PRODUCT_BUNDLE_IDENTIFIER = com.mgb.TodosModularizedTests;
				PRODUCT_NAME = "$(TARGET_NAME)";
				SWIFT_EMIT_LOC_STRINGS = NO;
				SWIFT_VERSION = 5.0;
				TARGETED_DEVICE_FAMILY = "1,2";
				TEST_HOST = "$(BUILT_PRODUCTS_DIR)/TodosModularized.app/$(BUNDLE_EXECUTABLE_FOLDER_PATH)/TodosModularized";
			};
			name = Debug;
		};
		45EAF40C2C87FE4C0096203C /* Release */ = {
			isa = XCBuildConfiguration;
			buildSettings = {
				BUNDLE_LOADER = "$(TEST_HOST)";
				CODE_SIGN_STYLE = Automatic;
				CURRENT_PROJECT_VERSION = 1;
				DEVELOPMENT_TEAM = 664859EV56;
				GENERATE_INFOPLIST_FILE = YES;
				IPHONEOS_DEPLOYMENT_TARGET = 18.0;
				MARKETING_VERSION = 1.0;
				PRODUCT_BUNDLE_IDENTIFIER = com.mgb.TodosModularizedTests;
				PRODUCT_NAME = "$(TARGET_NAME)";
				SWIFT_EMIT_LOC_STRINGS = NO;
				SWIFT_VERSION = 5.0;
				TARGETED_DEVICE_FAMILY = "1,2";
				TEST_HOST = "$(BUILT_PRODUCTS_DIR)/TodosModularized.app/$(BUNDLE_EXECUTABLE_FOLDER_PATH)/TodosModularized";
			};
			name = Release;
		};
		45EAF40E2C87FE4C0096203C /* Debug */ = {
			isa = XCBuildConfiguration;
			buildSettings = {
				CODE_SIGN_STYLE = Automatic;
				CURRENT_PROJECT_VERSION = 1;
				DEVELOPMENT_TEAM = 664859EV56;
				GENERATE_INFOPLIST_FILE = YES;
				MARKETING_VERSION = 1.0;
				PRODUCT_BUNDLE_IDENTIFIER = com.mgb.TodosModularizedUITests;
				PRODUCT_NAME = "$(TARGET_NAME)";
				SWIFT_EMIT_LOC_STRINGS = NO;
				SWIFT_VERSION = 5.0;
				TARGETED_DEVICE_FAMILY = "1,2";
				TEST_TARGET_NAME = TodosModularized;
			};
			name = Debug;
		};
		45EAF40F2C87FE4C0096203C /* Release */ = {
			isa = XCBuildConfiguration;
			buildSettings = {
				CODE_SIGN_STYLE = Automatic;
				CURRENT_PROJECT_VERSION = 1;
				DEVELOPMENT_TEAM = 664859EV56;
				GENERATE_INFOPLIST_FILE = YES;
				MARKETING_VERSION = 1.0;
				PRODUCT_BUNDLE_IDENTIFIER = com.mgb.TodosModularizedUITests;
				PRODUCT_NAME = "$(TARGET_NAME)";
				SWIFT_EMIT_LOC_STRINGS = NO;
				SWIFT_VERSION = 5.0;
				TARGETED_DEVICE_FAMILY = "1,2";
				TEST_TARGET_NAME = TodosModularized;
			};
			name = Release;
		};
/* End XCBuildConfiguration section */

/* Begin XCConfigurationList section */
		45EAF3DC2C87FE4A0096203C /* Build configuration list for PBXProject "TodosModularized" */ = {
			isa = XCConfigurationList;
			buildConfigurations = (
				45EAF4052C87FE4C0096203C /* Debug */,
				45EAF4062C87FE4C0096203C /* Release */,
			);
			defaultConfigurationIsVisible = 0;
			defaultConfigurationName = Release;
		};
		45EAF4072C87FE4C0096203C /* Build configuration list for PBXNativeTarget "TodosModularized" */ = {
			isa = XCConfigurationList;
			buildConfigurations = (
				45EAF4082C87FE4C0096203C /* Debug */,
				45EAF4092C87FE4C0096203C /* Release */,
			);
			defaultConfigurationIsVisible = 0;
			defaultConfigurationName = Release;
		};
		45EAF40A2C87FE4C0096203C /* Build configuration list for PBXNativeTarget "TodosModularizedTests" */ = {
			isa = XCConfigurationList;
			buildConfigurations = (
				45EAF40B2C87FE4C0096203C /* Debug */,
				45EAF40C2C87FE4C0096203C /* Release */,
			);
			defaultConfigurationIsVisible = 0;
			defaultConfigurationName = Release;
		};
		45EAF40D2C87FE4C0096203C /* Build configuration list for PBXNativeTarget "TodosModularizedUITests" */ = {
			isa = XCConfigurationList;
			buildConfigurations = (
				45EAF40E2C87FE4C0096203C /* Debug */,
				45EAF40F2C87FE4C0096203C /* Release */,
			);
			defaultConfigurationIsVisible = 0;
			defaultConfigurationName = Release;
		};
/* End XCConfigurationList section */

/* Begin XCSwiftPackageProductDependency section */
		45EAF41D2C8916860096203C /* Login */ = {
			isa = XCSwiftPackageProductDependency;
			productName = Login;
		};
		45EAF4232C89F4030096203C /* Home */ = {
			isa = XCSwiftPackageProductDependency;
			productName = Home;
		};
/* End XCSwiftPackageProductDependency section */
	};
	rootObject = 45EAF3D92C87FE4A0096203C /* Project object */;
}
